
Microsoft Visual Studio Solution File, Format Version 12.00
# Visual Studio 15
VisualStudioVersion = 15.0.26730.16
MinimumVisualStudioVersion = 10.0.40219.1
Project("{FAE04EC0-301F-11D3-BF4B-00C04F79EFBC}") = "Schedule.Net", "Schedule.Net\Schedule.Net.csproj", "{FDFA58F7-B346-4E2C-B3B0-11BF61743F30}"
EndProject
Project("{FAE04EC0-301F-11D3-BF4B-00C04F79EFBC}") = "ScheduleConsoleTest", "ScheduleConsoleTest\ScheduleConsoleTest.csproj", "{84BE35CF-CD81-4AA8-8031-B94C8A484421}"
EndProject
Project("{FAE04EC0-301F-11D3-BF4B-00C04F79EFBC}") = "TaskService", "TaskService\TaskService.csproj", "{B4644B23-FC12-4B5A-B98C-7570610EE076}"
EndProject
Project("{FAE04EC0-301F-11D3-BF4B-00C04F79EFBC}") = "Server.Core", "Server.Core\Server.Core.csproj", "{AD49FC0E-E9A1-47FB-9CAD-FCF0080BC408}"
EndProject
Project("{2150E333-8FDC-42A3-9474-1A3956D46DE8}") = "1.Modules", "1.Modules", "{2D6691F3-F5A1-436E-937D-0397BA87900D}"
EndProject
Project("{2150E333-8FDC-42A3-9474-1A3956D46DE8}") = "2.Server", "2.Server", "{0A406951-FFFE-4448-B143-DE2D407CBE2D}"
EndProject
Project("{FAE04EC0-301F-11D3-BF4B-00C04F79EFBC}") = "Server.API", "Server.API\Server.API.csproj", "{18E820D8-6796-4244-A9D2-FDD15A7C5371}"
EndProject
Project("{FAE04EC0-301F-11D3-BF4B-00C04F79EFBC}") = "Server.Svr", "Server.Svr\Server.Svr.csproj", "{D90B148F-1267-4E5A-9EAF-201E7D017123}"
EndProject
Project("{FAE04EC0-301F-11D3-BF4B-00C04F79EFBC}") = "Server.Client", "Server.Client\Server.Client.csproj", "{B0B980D2-F707-43CC-9825-CCCE3D4CD2B5}"
EndProject
Project("{2150E333-8FDC-42A3-9474-1A3956D46DE8}") = "3.Client", "3.Client", "{4C60BE4E-831E-4A1A-9308-B39ED9ECA31B}"
EndProject
Project("{2150E333-8FDC-42A3-9474-1A3956D46DE8}") = "4.Test", "4.Test", "{C05754B3-697F-4A72-A491-E4DCC3CA18AF}"
EndProject
Project("{FAE04EC0-301F-11D3-BF4B-00C04F79EFBC}") = "ScheduleConsole", "ScheduleConsole\ScheduleConsole.csproj", "{45065C23-9EAF-4A1C-AC2B-DACD3FFDCAF3}"
EndProject
Global
	GlobalSection(SolutionConfigurationPlatforms) = preSolution
		Debug|Any CPU = Debug|Any CPU
		Release|Any CPU = Release|Any CPU
	EndGlobalSection
	GlobalSection(ProjectConfigurationPlatforms) = postSolution
		{FDFA58F7-B346-4E2C-B3B0-11BF61743F30}.Debug|Any CPU.ActiveCfg = Debug|Any CPU
		{FDFA58F7-B346-4E2C-B3B0-11BF61743F30}.Debug|Any CPU.Build.0 = Debug|Any CPU
		{FDFA58F7-B346-4E2C-B3B0-11BF61743F30}.Release|Any CPU.ActiveCfg = Release|Any CPU
		{FDFA58F7-B346-4E2C-B3B0-11BF61743F30}.Release|Any CPU.Build.0 = Release|Any CPU
		{84BE35CF-CD81-4AA8-8031-B94C8A484421}.Debug|Any CPU.ActiveCfg = Debug|Any CPU
		{84BE35CF-CD81-4AA8-8031-B94C8A484421}.Debug|Any CPU.Build.0 = Debug|Any CPU
		{84BE35CF-CD81-4AA8-8031-B94C8A484421}.Release|Any CPU.ActiveCfg = Release|Any CPU
		{84BE35CF-CD81-4AA8-8031-B94C8A484421}.Release|Any CPU.Build.0 = Release|Any CPU
		{B4644B23-FC12-4B5A-B98C-7570610EE076}.Debug|Any CPU.ActiveCfg = Debug|Any CPU
		{B4644B23-FC12-4B5A-B98C-7570610EE076}.Debug|Any CPU.Build.0 = Debug|Any CPU
		{B4644B23-FC12-4B5A-B98C-7570610EE076}.Release|Any CPU.ActiveCfg = Release|Any CPU
		{B4644B23-FC12-4B5A-B98C-7570610EE076}.Release|Any CPU.Build.0 = Release|Any CPU
		{AD49FC0E-E9A1-47FB-9CAD-FCF0080BC408}.Debug|Any CPU.ActiveCfg = Debug|Any CPU
		{AD49FC0E-E9A1-47FB-9CAD-FCF0080BC408}.Debug|Any CPU.Build.0 = Debug|Any CPU
		{AD49FC0E-E9A1-47FB-9CAD-FCF0080BC408}.Release|Any CPU.ActiveCfg = Release|Any CPU
		{AD49FC0E-E9A1-47FB-9CAD-FCF0080BC408}.Release|Any CPU.Build.0 = Release|Any CPU
		{18E820D8-6796-4244-A9D2-FDD15A7C5371}.Debug|Any CPU.ActiveCfg = Debug|Any CPU
		{18E820D8-6796-4244-A9D2-FDD15A7C5371}.Debug|Any CPU.Build.0 = Debug|Any CPU
		{18E820D8-6796-4244-A9D2-FDD15A7C5371}.Release|Any CPU.ActiveCfg = Release|Any CPU
		{18E820D8-6796-4244-A9D2-FDD15A7C5371}.Release|Any CPU.Build.0 = Release|Any CPU
		{D90B148F-1267-4E5A-9EAF-201E7D017123}.Debug|Any CPU.ActiveCfg = Debug|Any CPU
		{D90B148F-1267-4E5A-9EAF-201E7D017123}.Debug|Any CPU.Build.0 = Debug|Any CPU
		{D90B148F-1267-4E5A-9EAF-201E7D017123}.Release|Any CPU.ActiveCfg = Release|Any CPU
		{D90B148F-1267-4E5A-9EAF-201E7D017123}.Release|Any CPU.Build.0 = Release|Any CPU
		{B0B980D2-F707-43CC-9825-CCCE3D4CD2B5}.Debug|Any CPU.ActiveCfg = Debug|Any CPU
		{B0B980D2-F707-43CC-9825-CCCE3D4CD2B5}.Debug|Any CPU.Build.0 = Debug|Any CPU
		{B0B980D2-F707-43CC-9825-CCCE3D4CD2B5}.Release|Any CPU.ActiveCfg = Release|Any CPU
		{B0B980D2-F707-43CC-9825-CCCE3D4CD2B5}.Release|Any CPU.Build.0 = Release|Any CPU
		{45065C23-9EAF-4A1C-AC2B-DACD3FFDCAF3}.Debug|Any CPU.ActiveCfg = Debug|Any CPU
		{45065C23-9EAF-4A1C-AC2B-DACD3FFDCAF3}.Debug|Any CPU.Build.0 = Debug|Any CPU
		{45065C23-9EAF-4A1C-AC2B-DACD3FFDCAF3}.Release|Any CPU.ActiveCfg = Release|Any CPU
		{45065C23-9EAF-4A1C-AC2B-DACD3FFDCAF3}.Release|Any CPU.Build.0 = Release|Any CPU
	EndGlobalSection
	GlobalSection(SolutionProperties) = preSolution
		HideSolutionNode = FALSE
	EndGlobalSection
	GlobalSection(NestedProjects) = preSolution
		{FDFA58F7-B346-4E2C-B3B0-11BF61743F30} = {4C60BE4E-831E-4A1A-9308-B39ED9ECA31B}
		{84BE35CF-CD81-4AA8-8031-B94C8A484421} = {C05754B3-697F-4A72-A491-E4DCC3CA18AF}
		{B4644B23-FC12-4B5A-B98C-7570610EE076} = {0A406951-FFFE-4448-B143-DE2D407CBE2D}
		{AD49FC0E-E9A1-47FB-9CAD-FCF0080BC408} = {0A406951-FFFE-4448-B143-DE2D407CBE2D}
		{18E820D8-6796-4244-A9D2-FDD15A7C5371} = {2D6691F3-F5A1-436E-937D-0397BA87900D}
		{D90B148F-1267-4E5A-9EAF-201E7D017123} = {2D6691F3-F5A1-436E-937D-0397BA87900D}
		{B0B980D2-F707-43CC-9825-CCCE3D4CD2B5} = {0A406951-FFFE-4448-B143-DE2D407CBE2D}
		{45065C23-9EAF-4A1C-AC2B-DACD3FFDCAF3} = {4C60BE4E-831E-4A1A-9308-B39ED9ECA31B}
	EndGlobalSection
	GlobalSection(ExtensibilityGlobals) = postSolution
		SolutionGuid = {5600E650-4E90-4532-8B82-C668001DA1DA}
	EndGlobalSection
EndGlobal
